{
  "version": 4,
  "terraform_version": "1.14.2",
  "serial": 7,
  "lineage": "ba954c71-7af5-cd5e-a934-fc8ce38b63f9",
  "outputs": {
    "subnet_name": {
      "value": "devops-subnet",
      "type": "string"
    },
    "vm_names": {
      "value": [
        "devops-vm-1",
        "devops-vm-2"
      ],
      "type": [
        "tuple",
        [
          "string",
          "string"
        ]
      ]
    },
    "vm_public_ips": {
      "value": [
        "34.44.18.19",
        "34.135.237.36"
      ],
      "type": [
        "tuple",
        [
          "string",
          "string"
        ]
      ]
    },
    "vpc_name": {
      "value": "devops-vpc",
      "type": "string"
    }
  },
  "resources": [
    {
      "mode": "managed",
      "type": "google_compute_firewall",
      "name": "allow_devops_ports",
      "provider": "provider[\"registry.terraform.io/hashicorp/google\"]",
      "instances": [
        {
          "schema_version": 1,
          "attributes": {
            "allow": [
              {
                "ports": [
                  "22"
                ],
                "protocol": "tcp"
              },
              {
                "ports": [
                  "2377",
                  "7946"
                ],
                "protocol": "tcp"
              },
              {
                "ports": [
                  "7946",
                  "4789"
                ],
                "protocol": "udp"
              },
              {
                "ports": [
                  "80",
                  "443"
                ],
                "protocol": "tcp"
              }
            ],
            "creation_timestamp": "2025-12-15T11:54:20.403-08:00",
            "deny": [],
            "description": "",
            "destination_ranges": [],
            "direction": "INGRESS",
            "disabled": false,
            "enable_logging": null,
            "id": "projects/kkgcplabs01-049/global/firewalls/allow-devops-ports",
            "log_config": [],
            "name": "allow-devops-ports",
            "network": "https://www.googleapis.com/compute/v1/projects/kkgcplabs01-049/global/networks/devops-vpc",
            "priority": 1000,
            "project": "kkgcplabs01-049",
            "self_link": "https://www.googleapis.com/compute/v1/projects/kkgcplabs01-049/global/firewalls/allow-devops-ports",
            "source_ranges": [
              "0.0.0.0/0"
            ],
            "source_service_accounts": null,
            "source_tags": null,
            "target_service_accounts": null,
            "target_tags": [
              "devops-server"
            ],
            "timeouts": null
          },
          "sensitive_attributes": [],
          "identity_schema_version": 0,
          "private": "eyJlMmJmYjczMC1lY2FhLTExZTYtOGY4OC0zNDM2M2JjN2M0YzAiOnsiY3JlYXRlIjoxMjAwMDAwMDAwMDAwLCJkZWxldGUiOjEyMDAwMDAwMDAwMDAsInVwZGF0ZSI6MTIwMDAwMDAwMDAwMH0sInNjaGVtYV92ZXJzaW9uIjoiMSJ9",
          "dependencies": [
            "google_compute_network.devops_vpc"
          ]
        }
      ]
    },
    {
      "mode": "managed",
      "type": "google_compute_instance",
      "name": "devops_vm",
      "provider": "provider[\"registry.terraform.io/hashicorp/google\"]",
      "instances": [
        {
          "index_key": 0,
          "schema_version": 6,
          "attributes": {
            "advanced_machine_features": [],
            "allow_stopping_for_update": null,
            "attached_disk": [],
            "boot_disk": [
              {
                "auto_delete": true,
                "device_name": "persistent-disk-0",
                "disk_encryption_key_raw": "",
                "disk_encryption_key_sha256": "",
                "initialize_params": [
                  {
                    "enable_confidential_compute": false,
                    "image": "https://www.googleapis.com/compute/v1/projects/ubuntu-os-cloud/global/images/ubuntu-2204-jammy-v20251212",
                    "labels": {},
                    "provisioned_iops": 0,
                    "provisioned_throughput": 0,
                    "resource_manager_tags": null,
                    "size": 30,
                    "storage_pool": "",
                    "type": "pd-standard"
                  }
                ],
                "kms_key_self_link": "",
                "mode": "READ_WRITE",
                "source": "https://www.googleapis.com/compute/v1/projects/kkgcplabs01-049/zones/us-central1-a/disks/devops-vm-1"
              }
            ],
            "can_ip_forward": false,
            "confidential_instance_config": [],
            "cpu_platform": "Intel Broadwell",
            "current_status": "RUNNING",
            "deletion_protection": false,
            "description": "",
            "desired_status": null,
            "effective_labels": {},
            "enable_display": false,
            "guest_accelerator": [],
            "hostname": "",
            "id": "projects/kkgcplabs01-049/zones/us-central1-a/instances/devops-vm-1",
            "instance_id": "1703286390892910954",
            "label_fingerprint": "42WmSpB8rSM=",
            "labels": null,
            "machine_type": "e2-medium",
            "metadata": {
              "ssh-keys": "devops:ssh-rsa AAAAB3NzaC1yc2EAAAADAQABAAABgQDVpfU309nw38sFtn7MVL1N1Y8YsNz083c0tUcshE15UseiyMmp6mX7urWsW0kde+mUI4ZwOdtf1b00pyD5qeVFrGxdtC+HuqB6/U509CnffSVdiznbFLIpRaO9ZjYWVt0qfOHVeqVI9dseoezg2G9OcHjTdkNCneHncnMiYiBL1QNLSY21tVIihUwqxI022q5SOwUQBHzRQUrKwX1PKzguIhKN5jS4/oNqbVzymFwnm6CVzLBErGsmhZkGX70o7ua1qdMyPEbBNScL++9sJ7j7qmDk0nejWEKJumVPo183dd2CVrwaFVCKv2qNXEGZE2zlL8tkajTXy1JsBQtc9iUdqRov9PCZvYAYppFDShERm7FFahpXGi1o62XeFBlaSzVcxWS/+elhU2jvrCcyvQvUwusLypJ7BEc5HeGQ6icLA1OE8HMDbJ20QOzJExzQO5Y6RiExyXlfqltRmSg4uqUfuEmw9e8Vt6bhUkvJb1D7Qbf4nDE9B0/Xlmm/bt89ndk= codespace@codespaces-f7dfbc\n"
            },
            "metadata_fingerprint": "E9bKqxB0Xxg=",
            "metadata_startup_script": null,
            "min_cpu_platform": "",
            "name": "devops-vm-1",
            "network_interface": [
              {
                "access_config": [
                  {
                    "nat_ip": "34.44.18.19",
                    "network_tier": "PREMIUM",
                    "public_ptr_domain_name": ""
                  }
                ],
                "alias_ip_range": [],
                "internal_ipv6_prefix_length": 0,
                "ipv6_access_config": [],
                "ipv6_access_type": "",
                "ipv6_address": "",
                "name": "nic0",
                "network": "https://www.googleapis.com/compute/v1/projects/kkgcplabs01-049/global/networks/devops-vpc",
                "network_ip": "10.0.1.3",
                "nic_type": "",
                "queue_count": 0,
                "stack_type": "IPV4_ONLY",
                "subnetwork": "https://www.googleapis.com/compute/v1/projects/kkgcplabs01-049/regions/us-central1/subnetworks/devops-subnet",
                "subnetwork_project": "kkgcplabs01-049"
              }
            ],
            "network_performance_config": [],
            "params": [],
            "project": "kkgcplabs01-049",
            "reservation_affinity": [],
            "resource_policies": null,
            "scheduling": [
              {
                "automatic_restart": true,
                "instance_termination_action": "",
                "local_ssd_recovery_timeout": [],
                "max_run_duration": [],
                "min_node_cpus": 0,
                "node_affinities": [],
                "on_host_maintenance": "MIGRATE",
                "on_instance_stop_action": [],
                "preemptible": false,
                "provisioning_model": "STANDARD"
              }
            ],
            "scratch_disk": [],
            "self_link": "https://www.googleapis.com/compute/v1/projects/kkgcplabs01-049/zones/us-central1-a/instances/devops-vm-1",
            "service_account": [],
            "shielded_instance_config": [
              {
                "enable_integrity_monitoring": true,
                "enable_secure_boot": true,
                "enable_vtpm": true
              }
            ],
            "tags": [
              "devops-server"
            ],
            "tags_fingerprint": "wZTH2Smxsr4=",
            "terraform_labels": {},
            "timeouts": null,
            "zone": "us-central1-a"
          },
          "sensitive_attributes": [
            [
              {
                "type": "get_attr",
                "value": "boot_disk"
              },
              {
                "type": "index",
                "value": {
                  "value": 0,
                  "type": "number"
                }
              },
              {
                "type": "get_attr",
                "value": "disk_encryption_key_raw"
              }
            ]
          ],
          "identity_schema_version": 0,
          "private": "eyJlMmJmYjczMC1lY2FhLTExZTYtOGY4OC0zNDM2M2JjN2M0YzAiOnsiY3JlYXRlIjoxMjAwMDAwMDAwMDAwLCJkZWxldGUiOjEyMDAwMDAwMDAwMDAsInVwZGF0ZSI6MTIwMDAwMDAwMDAwMH0sInNjaGVtYV92ZXJzaW9uIjoiNiJ9",
          "dependencies": [
            "google_compute_network.devops_vpc",
            "google_compute_subnetwork.devops_subnet"
          ]
        },
        {
          "index_key": 1,
          "schema_version": 6,
          "attributes": {
            "advanced_machine_features": [],
            "allow_stopping_for_update": null,
            "attached_disk": [],
            "boot_disk": [
              {
                "auto_delete": true,
                "device_name": "persistent-disk-0",
                "disk_encryption_key_raw": "",
                "disk_encryption_key_sha256": "",
                "initialize_params": [
                  {
                    "enable_confidential_compute": false,
                    "image": "https://www.googleapis.com/compute/v1/projects/ubuntu-os-cloud/global/images/ubuntu-2204-jammy-v20251212",
                    "labels": {},
                    "provisioned_iops": 0,
                    "provisioned_throughput": 0,
                    "resource_manager_tags": null,
                    "size": 30,
                    "storage_pool": "",
                    "type": "pd-standard"
                  }
                ],
                "kms_key_self_link": "",
                "mode": "READ_WRITE",
                "source": "https://www.googleapis.com/compute/v1/projects/kkgcplabs01-049/zones/us-central1-a/disks/devops-vm-2"
              }
            ],
            "can_ip_forward": false,
            "confidential_instance_config": [],
            "cpu_platform": "Intel Broadwell",
            "current_status": "RUNNING",
            "deletion_protection": false,
            "description": "",
            "desired_status": null,
            "effective_labels": {},
            "enable_display": false,
            "guest_accelerator": [],
            "hostname": "",
            "id": "projects/kkgcplabs01-049/zones/us-central1-a/instances/devops-vm-2",
            "instance_id": "1011936577681480043",
            "label_fingerprint": "42WmSpB8rSM=",
            "labels": null,
            "machine_type": "e2-medium",
            "metadata": {
              "ssh-keys": "devops:ssh-rsa AAAAB3NzaC1yc2EAAAADAQABAAABgQDVpfU309nw38sFtn7MVL1N1Y8YsNz083c0tUcshE15UseiyMmp6mX7urWsW0kde+mUI4ZwOdtf1b00pyD5qeVFrGxdtC+HuqB6/U509CnffSVdiznbFLIpRaO9ZjYWVt0qfOHVeqVI9dseoezg2G9OcHjTdkNCneHncnMiYiBL1QNLSY21tVIihUwqxI022q5SOwUQBHzRQUrKwX1PKzguIhKN5jS4/oNqbVzymFwnm6CVzLBErGsmhZkGX70o7ua1qdMyPEbBNScL++9sJ7j7qmDk0nejWEKJumVPo183dd2CVrwaFVCKv2qNXEGZE2zlL8tkajTXy1JsBQtc9iUdqRov9PCZvYAYppFDShERm7FFahpXGi1o62XeFBlaSzVcxWS/+elhU2jvrCcyvQvUwusLypJ7BEc5HeGQ6icLA1OE8HMDbJ20QOzJExzQO5Y6RiExyXlfqltRmSg4uqUfuEmw9e8Vt6bhUkvJb1D7Qbf4nDE9B0/Xlmm/bt89ndk= codespace@codespaces-f7dfbc\n"
            },
            "metadata_fingerprint": "E9bKqxB0Xxg=",
            "metadata_startup_script": null,
            "min_cpu_platform": "",
            "name": "devops-vm-2",
            "network_interface": [
              {
                "access_config": [
                  {
                    "nat_ip": "34.135.237.36",
                    "network_tier": "PREMIUM",
                    "public_ptr_domain_name": ""
                  }
                ],
                "alias_ip_range": [],
                "internal_ipv6_prefix_length": 0,
                "ipv6_access_config": [],
                "ipv6_access_type": "",
                "ipv6_address": "",
                "name": "nic0",
                "network": "https://www.googleapis.com/compute/v1/projects/kkgcplabs01-049/global/networks/devops-vpc",
                "network_ip": "10.0.1.2",
                "nic_type": "",
                "queue_count": 0,
                "stack_type": "IPV4_ONLY",
                "subnetwork": "https://www.googleapis.com/compute/v1/projects/kkgcplabs01-049/regions/us-central1/subnetworks/devops-subnet",
                "subnetwork_project": "kkgcplabs01-049"
              }
            ],
            "network_performance_config": [],
            "params": [],
            "project": "kkgcplabs01-049",
            "reservation_affinity": [],
            "resource_policies": null,
            "scheduling": [
              {
                "automatic_restart": true,
                "instance_termination_action": "",
                "local_ssd_recovery_timeout": [],
                "max_run_duration": [],
                "min_node_cpus": 0,
                "node_affinities": [],
                "on_host_maintenance": "MIGRATE",
                "on_instance_stop_action": [],
                "preemptible": false,
                "provisioning_model": "STANDARD"
              }
            ],
            "scratch_disk": [],
            "self_link": "https://www.googleapis.com/compute/v1/projects/kkgcplabs01-049/zones/us-central1-a/instances/devops-vm-2",
            "service_account": [],
            "shielded_instance_config": [
              {
                "enable_integrity_monitoring": true,
                "enable_secure_boot": true,
                "enable_vtpm": true
              }
            ],
            "tags": [
              "devops-server"
            ],
            "tags_fingerprint": "wZTH2Smxsr4=",
            "terraform_labels": {},
            "timeouts": null,
            "zone": "us-central1-a"
          },
          "sensitive_attributes": [
            [
              {
                "type": "get_attr",
                "value": "boot_disk"
              },
              {
                "type": "index",
                "value": {
                  "value": 0,
                  "type": "number"
                }
              },
              {
                "type": "get_attr",
                "value": "disk_encryption_key_raw"
              }
            ]
          ],
          "identity_schema_version": 0,
          "private": "eyJlMmJmYjczMC1lY2FhLTExZTYtOGY4OC0zNDM2M2JjN2M0YzAiOnsiY3JlYXRlIjoxMjAwMDAwMDAwMDAwLCJkZWxldGUiOjEyMDAwMDAwMDAwMDAsInVwZGF0ZSI6MTIwMDAwMDAwMDAwMH0sInNjaGVtYV92ZXJzaW9uIjoiNiJ9",
          "dependencies": [
            "google_compute_network.devops_vpc",
            "google_compute_subnetwork.devops_subnet"
          ]
        }
      ]
    },
    {
      "mode": "managed",
      "type": "google_compute_network",
      "name": "devops_vpc",
      "provider": "provider[\"registry.terraform.io/hashicorp/google\"]",
      "instances": [
        {
          "schema_version": 0,
          "attributes": {
            "auto_create_subnetworks": false,
            "delete_default_routes_on_create": false,
            "description": "",
            "enable_ula_internal_ipv6": false,
            "gateway_ipv4": "",
            "id": "projects/kkgcplabs01-049/global/networks/devops-vpc",
            "internal_ipv6_range": "",
            "mtu": 0,
            "name": "devops-vpc",
            "network_firewall_policy_enforcement_order": "AFTER_CLASSIC_FIREWALL",
            "numeric_id": "8228204830144715151",
            "project": "kkgcplabs01-049",
            "routing_mode": "REGIONAL",
            "self_link": "https://www.googleapis.com/compute/v1/projects/kkgcplabs01-049/global/networks/devops-vpc",
            "timeouts": null
          },
          "sensitive_attributes": [],
          "identity_schema_version": 0,
          "private": "eyJlMmJmYjczMC1lY2FhLTExZTYtOGY4OC0zNDM2M2JjN2M0YzAiOnsiY3JlYXRlIjoxMjAwMDAwMDAwMDAwLCJkZWxldGUiOjEyMDAwMDAwMDAwMDAsInVwZGF0ZSI6MTIwMDAwMDAwMDAwMH19"
        }
      ]
    },
    {
      "mode": "managed",
      "type": "google_compute_subnetwork",
      "name": "devops_subnet",
      "provider": "provider[\"registry.terraform.io/hashicorp/google\"]",
      "instances": [
        {
          "schema_version": 0,
          "attributes": {
            "creation_timestamp": "2025-12-15T11:54:20.535-08:00",
            "description": "",
            "external_ipv6_prefix": "",
            "fingerprint": null,
            "gateway_address": "10.0.1.1",
            "id": "projects/kkgcplabs01-049/regions/us-central1/subnetworks/devops-subnet",
            "internal_ipv6_prefix": "",
            "ip_cidr_range": "10.0.1.0/24",
            "ipv6_access_type": "",
            "ipv6_cidr_range": "",
            "log_config": [],
            "name": "devops-subnet",
            "network": "https://www.googleapis.com/compute/v1/projects/kkgcplabs01-049/global/networks/devops-vpc",
            "private_ip_google_access": true,
            "private_ipv6_google_access": "DISABLE_GOOGLE_ACCESS",
            "project": "kkgcplabs01-049",
            "purpose": "PRIVATE",
            "region": "us-central1",
            "role": "",
            "secondary_ip_range": [],
            "self_link": "https://www.googleapis.com/compute/v1/projects/kkgcplabs01-049/regions/us-central1/subnetworks/devops-subnet",
            "send_secondary_ip_range_if_empty": null,
            "stack_type": "IPV4_ONLY",
            "timeouts": null
          },
          "sensitive_attributes": [],
          "identity_schema_version": 0,
          "private": "eyJlMmJmYjczMC1lY2FhLTExZTYtOGY4OC0zNDM2M2JjN2M0YzAiOnsiY3JlYXRlIjoxMjAwMDAwMDAwMDAwLCJkZWxldGUiOjEyMDAwMDAwMDAwMDAsInVwZGF0ZSI6MTIwMDAwMDAwMDAwMH19",
          "dependencies": [
            "google_compute_network.devops_vpc"
          ]
        }
      ]
    }
  ],
  "check_results": null
}
